
Microsoft Visual Studio Solution File, Format Version 12.00
# Visual Studio Version 17
VisualStudioVersion = 17.9.34728.123
MinimumVisualStudioVersion = 10.0.40219.1
Project("{9A19103F-16F7-4668-BE54-9A1E7A4F7556}") = "CS2DmaRadar", "DmaGlowCS2\CS2DmaRadar.csproj", "{F492F73B-0C57-4483-A68A-3D709D35C2C0}"
EndProject
Global
	GlobalSection(SolutionConfigurationPlatforms) = preSolution
		Debug|Any CPU = Debug|Any CPU
		Debug|x64 = Debug|x64
		Release|Any CPU = Release|Any CPU
		Release|x64 = Release|x64
	EndGlobalSection
	GlobalSection(ProjectConfigurationPlatforms) = postSolution
		{F492F73B-0C57-4483-A68A-3D709D35C2C0}.Debug|Any CPU.ActiveCfg = Debug|Any CPU
		{F492F73B-0C57-4483-A68A-3D709D35C2C0}.Debug|Any CPU.Build.0 = Debug|Any CPU
		{F492F73B-0C57-4483-A68A-3D709D35C2C0}.Debug|x64.ActiveCfg = Debug|x64
		{F492F73B-0C57-4483-A68A-3D709D35C2C0}.Debug|x64.Build.0 = Debug|x64
		{F492F73B-0C57-4483-A68A-3D709D35C2C0}.Release|Any CPU.ActiveCfg = Release|Any CPU
		{F492F73B-0C57-4483-A68A-3D709D35C2C0}.Release|Any CPU.Build.0 = Release|Any CPU
		{F492F73B-0C57-4483-A68A-3D709D35C2C0}.Release|x64.ActiveCfg = Release|x64
		{F492F73B-0C57-4483-A68A-3D709D35C2C0}.Release|x64.Build.0 = Release|x64
	EndGlobalSection
	GlobalSection(SolutionProperties) = preSolution
		HideSolutionNode = FALSE
	EndGlobalSection
	GlobalSection(ExtensibilityGlobals) = postSolution
		SolutionGuid = {2EB86E09-E4F1-42F5-BCBC-01C2D06D8B82}
	EndGlobalSection
EndGlobal
